{
  "name": "gare",
  "version": "0.0.1",
  "lockfileVersion": 1,
  "requires": true,
  "dependencies": {
    "jskema": {
      "version": "1.0.0",
      "resolved": "https://registry.npmjs.org/jskema/-/jskema-1.0.0.tgz",
      "integrity": "sha512-PgHYKzHrpDb7TVF1TidK/oTl/XQaMdJTQ8utsRVCLppzQl8bHFskINGg7IcCdxW64Ei7keoGPV11d1wUlwRIDQ=="
    },
    "wagon-engine": {
      "version": "1.0.0",
      "resolved": "https://registry.npmjs.org/wagon-engine/-/wagon-engine-1.0.0.tgz",
      "integrity": "sha512-fbXfEIlVfvQlixS1Pm0uXLXGvQEHd2EPTi/yIn78mbwhPOPtiYnsQyjEAjEiRldSSwMg6wKvor6y/9w6wNal8w=="
    }
  }
}
